
Microsoft Visual Studio Solution File, Format Version 12.00
# Visual Studio Version 16
VisualStudioVersion = 25.0.1706.0
MinimumVisualStudioVersion = 10.0.40219.1
Project("{FAE04EC0-301F-11D3-BF4B-00C04F79EFBC}") = "PFMBackendAPI", "PFMBackendAPI.csproj", "{2093CC08-B639-4482-B08F-2C64460D683F}"
EndProject
Global
	GlobalSection(SolutionConfigurationPlatforms) = preSolution
		Debug|Any CPU = Debug|Any CPU
		Release|Any CPU = Release|Any CPU
	EndGlobalSection
	GlobalSection(ProjectConfigurationPlatforms) = postSolution
		{2093CC08-B639-4482-B08F-2C64460D683F}.Debug|Any CPU.ActiveCfg = Debug|Any CPU
		{2093CC08-B639-4482-B08F-2C64460D683F}.Debug|Any CPU.Build.0 = Debug|Any CPU
		{2093CC08-B639-4482-B08F-2C64460D683F}.Release|Any CPU.ActiveCfg = Release|Any CPU
		{2093CC08-B639-4482-B08F-2C64460D683F}.Release|Any CPU.Build.0 = Release|Any CPU
	EndGlobalSection
	GlobalSection(SolutionProperties) = preSolution
		HideSolutionNode = FALSE
	EndGlobalSection
	GlobalSection(ExtensibilityGlobals) = postSolution
		SolutionGuid = {09A8C50E-DD89-447F-8AEC-BC123612057F}
	EndGlobalSection
EndGlobal
